%{"cowboy": {:git, "git://github.com/extend/cowboy.git", "1a71a733c37df70c15ebfd28157b10915cd738d1", []},
  "cowlib": {:git, "git://github.com/extend/cowlib.git", "e2ffefe828b918486e2cd76e44c54ae9b62c616e", [ref: "0.6.2"]},
  "envy": {:git, "git://github.com/manderson26/envy.git", "d62cb227b9000ee866c8bcc724ddf68d87621dea", [branch: "master"]},
  "ibrowse": {:git, "git://github.com/opscode/ibrowse", "8f3f6a3a30730b193cc340a8885a960586dc98de", [tag: "v4.0.1.1"]},
  "jazz": {:package, "0.1.2"},
  "mini_s3": {:git, "git://github.com/ericmj/mini_s3.git", "5e3d7aa3c198381582b01f88517fdf3dfda8e549", [branch: "hex-fixes"]},
  "plug": {:package, "0.5.1"},
  "porcelain": {:package, "1.0.0"},
  "ranch": {:git, "git://github.com/extend/ranch.git", "3189ef2d47843945efc96c224963380462c33d40", [ref: "0.10.0"]}}
