%{"cowboy": {:hex, :cowboy, "1.0.3"},
  "cowlib": {:hex, :cowlib, "1.0.1"},
  "envy": {:git, "git://github.com/manderson26/envy.git", "d62cb227b9000ee866c8bcc724ddf68d87621dea", [branch: "master"]},
  "ex_aws": {:hex, :ex_aws, "0.4.10"},
  "hackney": {:hex, :hackney, "1.3.2"},
  "httpoison": {:hex, :httpoison, "0.7.4"},
  "ibrowse": {:git, "git://github.com/opscode/ibrowse", "8f3f6a3a30730b193cc340a8885a960586dc98de", [tag: "v4.0.1.1"]},
  "idna": {:hex, :idna, "1.0.2"},
  "mini_s3": {:git, "git://github.com/ericmj/mini_s3.git", "700386bc8c3a804af57380c0fd09a02325142c9b", [branch: "hex-fixes"]},
  "plug": {:hex, :plug, "0.8.4"},
  "poison": {:hex, :poison, "1.5.0"},
  "porcelain": {:hex, :porcelain, "1.1.3"},
  "ranch": {:hex, :ranch, "1.1.0"},
  "ssl_verify_hostname": {:hex, :ssl_verify_hostname, "1.0.5"},
  "sweet_xml": {:hex, :sweet_xml, "0.2.1"}}
